// !$*UTF8*$!
{
	archiveVersion = 1;
	classes = {
	};
	objectVersion = 46;
	objects = {

/* Begin PBXBuildFile section */
		3AD9FCB41F4933C1002EB75B /* LBNCImageView.m in Sources */ = {isa = PBXBuildFile; fileRef = 3AD9FCB31F4933C1002EB75B /* LBNCImageView.m */; };
		3AD9FCB81F494A2C002EB75B /* UIView+ViewController.m in Sources */ = {isa = PBXBuildFile; fileRef = 3AD9FCB71F494A2C002EB75B /* UIView+ViewController.m */; };
		3AD9FCC01F49574C002EB75B /* BarItem.m in Sources */ = {isa = PBXBuildFile; fileRef = 3AD9FCBF1F49574C002EB75B /* BarItem.m */; };
		3AD9FCC31F496CF9002EB75B /* LBNCChartView.m in Sources */ = {isa = PBXBuildFile; fileRef = 3AD9FCC21F496CF9002EB75B /* LBNCChartView.m */; };
		3AD9FCC61F497BEA002EB75B /* LBNCChartCell.m in Sources */ = {isa = PBXBuildFile; fileRef = 3AD9FCC51F497BEA002EB75B /* LBNCChartCell.m */; };
		3AD9FCC91F497BFB002EB75B /* LBNCDuanziCell.m in Sources */ = {isa = PBXBuildFile; fileRef = 3AD9FCC81F497BFB002EB75B /* LBNCDuanziCell.m */; };
		3AD9FCCC1F497F0F002EB75B /* LBNCChartViewModel.m in Sources */ = {isa = PBXBuildFile; fileRef = 3AD9FCCB1F497F0F002EB75B /* LBNCChartViewModel.m */; };
		3AD9FCCF1F497FC8002EB75B /* LBNCDuanziViewModel.m in Sources */ = {isa = PBXBuildFile; fileRef = 3AD9FCCE1F497FC8002EB75B /* LBNCDuanziViewModel.m */; };
		3AD9FCD21F498062002EB75B /* LBNCChartNetManager.m in Sources */ = {isa = PBXBuildFile; fileRef = 3AD9FCD11F498062002EB75B /* LBNCChartNetManager.m */; };
		3AD9FCD51F4980CF002EB75B /* LBNCDuanziNetManager.m in Sources */ = {isa = PBXBuildFile; fileRef = 3AD9FCD41F4980CF002EB75B /* LBNCDuanziNetManager.m */; };
		3AD9FCD81F49816F002EB75B /* LBNCChartModel.m in Sources */ = {isa = PBXBuildFile; fileRef = 3AD9FCD71F49816F002EB75B /* LBNCChartModel.m */; };
		3AD9FCDB1F49A39D002EB75B /* LBNCChartDetailController.m in Sources */ = {isa = PBXBuildFile; fileRef = 3AD9FCDA1F49A39D002EB75B /* LBNCChartDetailController.m */; };
		3AD9FCDE1F49E657002EB75B /* LBNCDuanziModel.m in Sources */ = {isa = PBXBuildFile; fileRef = 3AD9FCDD1F49E657002EB75B /* LBNCDuanziModel.m */; };
		6A7239FDE3F8DB72CFF7D452 /* libPods-LBNewsComing.a in Frameworks */ = {isa = PBXBuildFile; fileRef = 85324EFC2A18ED7C5CFD4374 /* libPods-LBNewsComing.a */; };
		F8759C0C1F468635009DADF7 /* main.m in Sources */ = {isa = PBXBuildFile; fileRef = F8759C0B1F468635009DADF7 /* main.m */; };
		F8759C151F468635009DADF7 /* Main.storyboard in Resources */ = {isa = PBXBuildFile; fileRef = F8759C131F468635009DADF7 /* Main.storyboard */; };
		F8759C181F468635009DADF7 /* LBNewsComing.xcdatamodeld in Sources */ = {isa = PBXBuildFile; fileRef = F8759C161F468635009DADF7 /* LBNewsComing.xcdatamodeld */; };
		F8759C1A1F468635009DADF7 /* Assets.xcassets in Resources */ = {isa = PBXBuildFile; fileRef = F8759C191F468635009DADF7 /* Assets.xcassets */; };
		F8759C1D1F468636009DADF7 /* LaunchScreen.storyboard in Resources */ = {isa = PBXBuildFile; fileRef = F8759C1B1F468636009DADF7 /* LaunchScreen.storyboard */; };
		F8759C281F468865009DADF7 /* AppDelegate.m in Sources */ = {isa = PBXBuildFile; fileRef = F8759C271F468865009DADF7 /* AppDelegate.m */; };
		F8759C371F469164009DADF7 /* LBNCTabBarController.m in Sources */ = {isa = PBXBuildFile; fileRef = F8759C361F469164009DADF7 /* LBNCTabBarController.m */; };
		F8759C3A1F4693EC009DADF7 /* LBNCNavController.m in Sources */ = {isa = PBXBuildFile; fileRef = F8759C391F4693EC009DADF7 /* LBNCNavController.m */; };
		F8759C441F4695BA009DADF7 /* LBNCMineController.m in Sources */ = {isa = PBXBuildFile; fileRef = F8759C431F4695BA009DADF7 /* LBNCMineController.m */; };
		F8759C471F4695CB009DADF7 /* LBNCChartController.m in Sources */ = {isa = PBXBuildFile; fileRef = F8759C461F4695CB009DADF7 /* LBNCChartController.m */; };
		F8759C4A1F4695DF009DADF7 /* LBNCNewsController.m in Sources */ = {isa = PBXBuildFile; fileRef = F8759C491F4695DE009DADF7 /* LBNCNewsController.m */; };
		F8759C4D1F4695EE009DADF7 /* LBNCVideoController.m in Sources */ = {isa = PBXBuildFile; fileRef = F8759C4C1F4695EE009DADF7 /* LBNCVideoController.m */; };
		F8759C531F46BE87009DADF7 /* LBNCListController.m in Sources */ = {isa = PBXBuildFile; fileRef = F8759C521F46BE87009DADF7 /* LBNCListController.m */; };
		F8759C561F46C6C7009DADF7 /* LBNCDetailController.m in Sources */ = {isa = PBXBuildFile; fileRef = F8759C551F46C6C7009DADF7 /* LBNCDetailController.m */; };
		F8759C591F46CA23009DADF7 /* LBNCBaseViewModel.m in Sources */ = {isa = PBXBuildFile; fileRef = F8759C581F46CA23009DADF7 /* LBNCBaseViewModel.m */; };
		F8759C5F1F46CC67009DADF7 /* LBNCNewsViewModel.m in Sources */ = {isa = PBXBuildFile; fileRef = F8759C5E1F46CC67009DADF7 /* LBNCNewsViewModel.m */; };
		F8759C621F46CD9B009DADF7 /* LBNCBaseNetManager.m in Sources */ = {isa = PBXBuildFile; fileRef = F8759C611F46CD9B009DADF7 /* LBNCBaseNetManager.m */; };
		F8759C691F46CF56009DADF7 /* NSObject+Hint.m in Sources */ = {isa = PBXBuildFile; fileRef = F8759C681F46CF56009DADF7 /* NSObject+Hint.m */; };
		F8759C6C1F46D216009DADF7 /* LBNCNewsNetManager.m in Sources */ = {isa = PBXBuildFile; fileRef = F8759C6B1F46D216009DADF7 /* LBNCNewsNetManager.m */; };
		F8759C721F46D476009DADF7 /* LBNCBaseModel.m in Sources */ = {isa = PBXBuildFile; fileRef = F8759C711F46D476009DADF7 /* LBNCBaseModel.m */; };
		F8759C751F46D491009DADF7 /* LBNCNewsModel.m in Sources */ = {isa = PBXBuildFile; fileRef = F8759C741F46D491009DADF7 /* LBNCNewsModel.m */; };
		F8759C811F46E919009DADF7 /* LBNCNewsTableView.m in Sources */ = {isa = PBXBuildFile; fileRef = F8759C801F46E919009DADF7 /* LBNCNewsTableView.m */; };
		F8759C841F46E92C009DADF7 /* LBNCVideoTableView.m in Sources */ = {isa = PBXBuildFile; fileRef = F8759C831F46E92C009DADF7 /* LBNCVideoTableView.m */; };
		F8759C8A1F46E970009DADF7 /* LBNCNewsCell.m in Sources */ = {isa = PBXBuildFile; fileRef = F8759C891F46E970009DADF7 /* LBNCNewsCell.m */; };
		F8759C8D1F46E987009DADF7 /* LBNCVideoCell.m in Sources */ = {isa = PBXBuildFile; fileRef = F8759C8C1F46E987009DADF7 /* LBNCVideoCell.m */; };
		F8F0040F1F47EE0900DA43EA /* NSArray+Log.m in Sources */ = {isa = PBXBuildFile; fileRef = F8F003F81F47EE0900DA43EA /* NSArray+Log.m */; };
		F8F004101F47EE0900DA43EA /* NSAttributedString+CZAdditon.m in Sources */ = {isa = PBXBuildFile; fileRef = F8F003FA1F47EE0900DA43EA /* NSAttributedString+CZAdditon.m */; };
		F8F004111F47EE0900DA43EA /* NSObject+CZRuntime.m in Sources */ = {isa = PBXBuildFile; fileRef = F8F003FC1F47EE0900DA43EA /* NSObject+CZRuntime.m */; };
		F8F004121F47EE0900DA43EA /* NSString+CZBase64.m in Sources */ = {isa = PBXBuildFile; fileRef = F8F003FE1F47EE0900DA43EA /* NSString+CZBase64.m */; };
		F8F004131F47EE0900DA43EA /* NSString+CZHash.m in Sources */ = {isa = PBXBuildFile; fileRef = F8F004001F47EE0900DA43EA /* NSString+CZHash.m */; };
		F8F004141F47EE0900DA43EA /* NSString+CZPath.m in Sources */ = {isa = PBXBuildFile; fileRef = F8F004021F47EE0900DA43EA /* NSString+CZPath.m */; };
		F8F004151F47EE0900DA43EA /* UIButton+CZAddition.m in Sources */ = {isa = PBXBuildFile; fileRef = F8F004041F47EE0900DA43EA /* UIButton+CZAddition.m */; };
		F8F004161F47EE0900DA43EA /* UIColor+CZAddition.m in Sources */ = {isa = PBXBuildFile; fileRef = F8F004061F47EE0900DA43EA /* UIColor+CZAddition.m */; };
		F8F004171F47EE0900DA43EA /* UILabel+CZAddition.m in Sources */ = {isa = PBXBuildFile; fileRef = F8F004081F47EE0900DA43EA /* UILabel+CZAddition.m */; };
		F8F004181F47EE0900DA43EA /* UIScreen+CZAddition.m in Sources */ = {isa = PBXBuildFile; fileRef = F8F0040A1F47EE0900DA43EA /* UIScreen+CZAddition.m */; };
		F8F004191F47EE0900DA43EA /* UIView+CZAddition.m in Sources */ = {isa = PBXBuildFile; fileRef = F8F0040C1F47EE0900DA43EA /* UIView+CZAddition.m */; };
		F8F0041A1F47EE0900DA43EA /* UIViewController+CZAddition.m in Sources */ = {isa = PBXBuildFile; fileRef = F8F0040E1F47EE0900DA43EA /* UIViewController+CZAddition.m */; };
/* End PBXBuildFile section */

/* Begin PBXFileReference section */
		0B97BC6530F0AB897F6A3D05 /* Pods-LBNewsComing.debug.xcconfig */ = {isa = PBXFileReference; includeInIndex = 1; lastKnownFileType = text.xcconfig; name = "Pods-LBNewsComing.debug.xcconfig"; path = "Pods/Target Support Files/Pods-LBNewsComing/Pods-LBNewsComing.debug.xcconfig"; sourceTree = "<group>"; };
		3AD9FCB21F4933C1002EB75B /* LBNCImageView.h */ = {isa = PBXFileReference; fileEncoding = 4; lastKnownFileType = sourcecode.c.h; path = LBNCImageView.h; sourceTree = "<group>"; };
		3AD9FCB31F4933C1002EB75B /* LBNCImageView.m */ = {isa = PBXFileReference; fileEncoding = 4; lastKnownFileType = sourcecode.c.objc; path = LBNCImageView.m; sourceTree = "<group>"; };
		3AD9FCB61F494A2C002EB75B /* UIView+ViewController.h */ = {isa = PBXFileReference; fileEncoding = 4; lastKnownFileType = sourcecode.c.h; path = "UIView+ViewController.h"; sourceTree = "<group>"; };
		3AD9FCB71F494A2C002EB75B /* UIView+ViewController.m */ = {isa = PBXFileReference; fileEncoding = 4; lastKnownFileType = sourcecode.c.objc; path = "UIView+ViewController.m"; sourceTree = "<group>"; };
		3AD9FCBE1F49574C002EB75B /* BarItem.h */ = {isa = PBXFileReference; fileEncoding = 4; lastKnownFileType = sourcecode.c.h; path = BarItem.h; sourceTree = "<group>"; };
		3AD9FCBF1F49574C002EB75B /* BarItem.m */ = {isa = PBXFileReference; fileEncoding = 4; lastKnownFileType = sourcecode.c.objc; path = BarItem.m; sourceTree = "<group>"; };
		3AD9FCC11F496CF9002EB75B /* LBNCChartView.h */ = {isa = PBXFileReference; fileEncoding = 4; lastKnownFileType = sourcecode.c.h; path = LBNCChartView.h; sourceTree = "<group>"; };
		3AD9FCC21F496CF9002EB75B /* LBNCChartView.m */ = {isa = PBXFileReference; fileEncoding = 4; lastKnownFileType = sourcecode.c.objc; path = LBNCChartView.m; sourceTree = "<group>"; };
		3AD9FCC41F497BEA002EB75B /* LBNCChartCell.h */ = {isa = PBXFileReference; fileEncoding = 4; lastKnownFileType = sourcecode.c.h; path = LBNCChartCell.h; sourceTree = "<group>"; };
		3AD9FCC51F497BEA002EB75B /* LBNCChartCell.m */ = {isa = PBXFileReference; fileEncoding = 4; lastKnownFileType = sourcecode.c.objc; path = LBNCChartCell.m; sourceTree = "<group>"; };
		3AD9FCC71F497BFB002EB75B /* LBNCDuanziCell.h */ = {isa = PBXFileReference; fileEncoding = 4; lastKnownFileType = sourcecode.c.h; path = LBNCDuanziCell.h; sourceTree = "<group>"; };
		3AD9FCC81F497BFB002EB75B /* LBNCDuanziCell.m */ = {isa = PBXFileReference; fileEncoding = 4; lastKnownFileType = sourcecode.c.objc; path = LBNCDuanziCell.m; sourceTree = "<group>"; };
		3AD9FCCA1F497F0F002EB75B /* LBNCChartViewModel.h */ = {isa = PBXFileReference; fileEncoding = 4; lastKnownFileType = sourcecode.c.h; name = LBNCChartViewModel.h; path = LBNewsComing/Classes/view/chartView/LBNCChartViewModel.h; sourceTree = SOURCE_ROOT; };
		3AD9FCCB1F497F0F002EB75B /* LBNCChartViewModel.m */ = {isa = PBXFileReference; fileEncoding = 4; lastKnownFileType = sourcecode.c.objc; name = LBNCChartViewModel.m; path = LBNewsComing/Classes/view/chartView/LBNCChartViewModel.m; sourceTree = SOURCE_ROOT; };
		3AD9FCCD1F497FC8002EB75B /* LBNCDuanziViewModel.h */ = {isa = PBXFileReference; fileEncoding = 4; lastKnownFileType = sourcecode.c.h; name = LBNCDuanziViewModel.h; path = LBNewsComing/Classes/view/chartView/LBNCDuanziViewModel.h; sourceTree = SOURCE_ROOT; };
		3AD9FCCE1F497FC8002EB75B /* LBNCDuanziViewModel.m */ = {isa = PBXFileReference; fileEncoding = 4; lastKnownFileType = sourcecode.c.objc; name = LBNCDuanziViewModel.m; path = LBNewsComing/Classes/view/chartView/LBNCDuanziViewModel.m; sourceTree = SOURCE_ROOT; };
		3AD9FCD01F498062002EB75B /* LBNCChartNetManager.h */ = {isa = PBXFileReference; fileEncoding = 4; lastKnownFileType = sourcecode.c.h; name = LBNCChartNetManager.h; path = LBNewsComing/Classes/view/chartView/LBNCChartNetManager.h; sourceTree = SOURCE_ROOT; };
		3AD9FCD11F498062002EB75B /* LBNCChartNetManager.m */ = {isa = PBXFileReference; fileEncoding = 4; lastKnownFileType = sourcecode.c.objc; name = LBNCChartNetManager.m; path = LBNewsComing/Classes/view/chartView/LBNCChartNetManager.m; sourceTree = SOURCE_ROOT; };
		3AD9FCD31F4980CF002EB75B /* LBNCDuanziNetManager.h */ = {isa = PBXFileReference; fileEncoding = 4; lastKnownFileType = sourcecode.c.h; name = LBNCDuanziNetManager.h; path = LBNewsComing/Classes/view/chartView/LBNCDuanziNetManager.h; sourceTree = SOURCE_ROOT; };
		3AD9FCD41F4980CF002EB75B /* LBNCDuanziNetManager.m */ = {isa = PBXFileReference; fileEncoding = 4; lastKnownFileType = sourcecode.c.objc; name = LBNCDuanziNetManager.m; path = LBNewsComing/Classes/view/chartView/LBNCDuanziNetManager.m; sourceTree = SOURCE_ROOT; };
		3AD9FCD61F49816F002EB75B /* LBNCChartModel.h */ = {isa = PBXFileReference; fileEncoding = 4; lastKnownFileType = sourcecode.c.h; name = LBNCChartModel.h; path = LBNewsComing/Classes/view/chartView/LBNCChartModel.h; sourceTree = SOURCE_ROOT; };
		3AD9FCD71F49816F002EB75B /* LBNCChartModel.m */ = {isa = PBXFileReference; fileEncoding = 4; lastKnownFileType = sourcecode.c.objc; name = LBNCChartModel.m; path = LBNewsComing/Classes/view/chartView/LBNCChartModel.m; sourceTree = SOURCE_ROOT; };
		3AD9FCD91F49A39D002EB75B /* LBNCChartDetailController.h */ = {isa = PBXFileReference; fileEncoding = 4; lastKnownFileType = sourcecode.c.h; path = LBNCChartDetailController.h; sourceTree = "<group>"; };
		3AD9FCDA1F49A39D002EB75B /* LBNCChartDetailController.m */ = {isa = PBXFileReference; fileEncoding = 4; lastKnownFileType = sourcecode.c.objc; path = LBNCChartDetailController.m; sourceTree = "<group>"; };
		3AD9FCDC1F49E657002EB75B /* LBNCDuanziModel.h */ = {isa = PBXFileReference; fileEncoding = 4; lastKnownFileType = sourcecode.c.h; name = LBNCDuanziModel.h; path = LBNewsComing/Classes/controller/chart/LBNCDuanziModel.h; sourceTree = SOURCE_ROOT; };
		3AD9FCDD1F49E657002EB75B /* LBNCDuanziModel.m */ = {isa = PBXFileReference; fileEncoding = 4; lastKnownFileType = sourcecode.c.objc; name = LBNCDuanziModel.m; path = LBNewsComing/Classes/controller/chart/LBNCDuanziModel.m; sourceTree = SOURCE_ROOT; };
		85324EFC2A18ED7C5CFD4374 /* libPods-LBNewsComing.a */ = {isa = PBXFileReference; explicitFileType = archive.ar; includeInIndex = 0; path = "libPods-LBNewsComing.a"; sourceTree = BUILT_PRODUCTS_DIR; };
		F3B3903665C43C99966A8A10 /* Pods-LBNewsComing.release.xcconfig */ = {isa = PBXFileReference; includeInIndex = 1; lastKnownFileType = text.xcconfig; name = "Pods-LBNewsComing.release.xcconfig"; path = "Pods/Target Support Files/Pods-LBNewsComing/Pods-LBNewsComing.release.xcconfig"; sourceTree = "<group>"; };
		F8759C071F468635009DADF7 /* LBNewsComing.app */ = {isa = PBXFileReference; explicitFileType = wrapper.application; includeInIndex = 0; path = LBNewsComing.app; sourceTree = BUILT_PRODUCTS_DIR; };
		F8759C0B1F468635009DADF7 /* main.m */ = {isa = PBXFileReference; lastKnownFileType = sourcecode.c.objc; path = main.m; sourceTree = "<group>"; };
		F8759C141F468635009DADF7 /* Base */ = {isa = PBXFileReference; lastKnownFileType = file.storyboard; name = Base; path = Base.lproj/Main.storyboard; sourceTree = "<group>"; };
		F8759C171F468635009DADF7 /* LBNewsComing.xcdatamodel */ = {isa = PBXFileReference; lastKnownFileType = wrapper.xcdatamodel; path = LBNewsComing.xcdatamodel; sourceTree = "<group>"; };
		F8759C191F468635009DADF7 /* Assets.xcassets */ = {isa = PBXFileReference; lastKnownFileType = folder.assetcatalog; path = Assets.xcassets; sourceTree = "<group>"; };
		F8759C1C1F468636009DADF7 /* Base */ = {isa = PBXFileReference; lastKnownFileType = file.storyboard; name = Base; path = Base.lproj/LaunchScreen.storyboard; sourceTree = "<group>"; };
		F8759C1E1F468636009DADF7 /* Info.plist */ = {isa = PBXFileReference; lastKnownFileType = text.plist.xml; path = Info.plist; sourceTree = "<group>"; };
		F8759C261F468865009DADF7 /* AppDelegate.h */ = {isa = PBXFileReference; fileEncoding = 4; lastKnownFileType = sourcecode.c.h; path = AppDelegate.h; sourceTree = "<group>"; };
		F8759C271F468865009DADF7 /* AppDelegate.m */ = {isa = PBXFileReference; fileEncoding = 4; lastKnownFileType = sourcecode.c.objc; path = AppDelegate.m; sourceTree = "<group>"; };
		F8759C351F469164009DADF7 /* LBNCTabBarController.h */ = {isa = PBXFileReference; fileEncoding = 4; lastKnownFileType = sourcecode.c.h; path = LBNCTabBarController.h; sourceTree = "<group>"; };
		F8759C361F469164009DADF7 /* LBNCTabBarController.m */ = {isa = PBXFileReference; fileEncoding = 4; lastKnownFileType = sourcecode.c.objc; path = LBNCTabBarController.m; sourceTree = "<group>"; };
		F8759C381F4693EC009DADF7 /* LBNCNavController.h */ = {isa = PBXFileReference; fileEncoding = 4; lastKnownFileType = sourcecode.c.h; path = LBNCNavController.h; sourceTree = "<group>"; };
		F8759C391F4693EC009DADF7 /* LBNCNavController.m */ = {isa = PBXFileReference; fileEncoding = 4; lastKnownFileType = sourcecode.c.objc; path = LBNCNavController.m; sourceTree = "<group>"; };
		F8759C421F4695BA009DADF7 /* LBNCMineController.h */ = {isa = PBXFileReference; fileEncoding = 4; lastKnownFileType = sourcecode.c.h; path = LBNCMineController.h; sourceTree = "<group>"; };
		F8759C431F4695BA009DADF7 /* LBNCMineController.m */ = {isa = PBXFileReference; fileEncoding = 4; lastKnownFileType = sourcecode.c.objc; path = LBNCMineController.m; sourceTree = "<group>"; };
		F8759C451F4695CB009DADF7 /* LBNCChartController.h */ = {isa = PBXFileReference; fileEncoding = 4; lastKnownFileType = sourcecode.c.h; path = LBNCChartController.h; sourceTree = "<group>"; };
		F8759C461F4695CB009DADF7 /* LBNCChartController.m */ = {isa = PBXFileReference; fileEncoding = 4; lastKnownFileType = sourcecode.c.objc; path = LBNCChartController.m; sourceTree = "<group>"; };
		F8759C481F4695DE009DADF7 /* LBNCNewsController.h */ = {isa = PBXFileReference; fileEncoding = 4; lastKnownFileType = sourcecode.c.h; path = LBNCNewsController.h; sourceTree = "<group>"; };
		F8759C491F4695DE009DADF7 /* LBNCNewsController.m */ = {isa = PBXFileReference; fileEncoding = 4; lastKnownFileType = sourcecode.c.objc; path = LBNCNewsController.m; sourceTree = "<group>"; };
		F8759C4B1F4695EE009DADF7 /* LBNCVideoController.h */ = {isa = PBXFileReference; fileEncoding = 4; lastKnownFileType = sourcecode.c.h; path = LBNCVideoController.h; sourceTree = "<group>"; };
		F8759C4C1F4695EE009DADF7 /* LBNCVideoController.m */ = {isa = PBXFileReference; fileEncoding = 4; lastKnownFileType = sourcecode.c.objc; path = LBNCVideoController.m; sourceTree = "<group>"; };
		F8759C4F1F46B9A4009DADF7 /* LBNCHeader.h */ = {isa = PBXFileReference; fileEncoding = 4; lastKnownFileType = sourcecode.c.h; path = LBNCHeader.h; sourceTree = "<group>"; };
		F8759C501F46B9E4009DADF7 /* LBNCPrefixHeader.pch */ = {isa = PBXFileReference; fileEncoding = 4; lastKnownFileType = sourcecode.c.h; path = LBNCPrefixHeader.pch; sourceTree = "<group>"; };
		F8759C511F46BE87009DADF7 /* LBNCListController.h */ = {isa = PBXFileReference; fileEncoding = 4; lastKnownFileType = sourcecode.c.h; path = LBNCListController.h; sourceTree = "<group>"; };
		F8759C521F46BE87009DADF7 /* LBNCListController.m */ = {isa = PBXFileReference; fileEncoding = 4; lastKnownFileType = sourcecode.c.objc; path = LBNCListController.m; sourceTree = "<group>"; };
		F8759C541F46C6C7009DADF7 /* LBNCDetailController.h */ = {isa = PBXFileReference; fileEncoding = 4; lastKnownFileType = sourcecode.c.h; path = LBNCDetailController.h; sourceTree = "<group>"; };
		F8759C551F46C6C7009DADF7 /* LBNCDetailController.m */ = {isa = PBXFileReference; fileEncoding = 4; lastKnownFileType = sourcecode.c.objc; path = LBNCDetailController.m; sourceTree = "<group>"; };
		F8759C571F46CA23009DADF7 /* LBNCBaseViewModel.h */ = {isa = PBXFileReference; fileEncoding = 4; lastKnownFileType = sourcecode.c.h; path = LBNCBaseViewModel.h; sourceTree = "<group>"; };
		F8759C581F46CA23009DADF7 /* LBNCBaseViewModel.m */ = {isa = PBXFileReference; fileEncoding = 4; lastKnownFileType = sourcecode.c.objc; path = LBNCBaseViewModel.m; sourceTree = "<group>"; };
		F8759C5D1F46CC67009DADF7 /* LBNCNewsViewModel.h */ = {isa = PBXFileReference; fileEncoding = 4; lastKnownFileType = sourcecode.c.h; path = LBNCNewsViewModel.h; sourceTree = "<group>"; };
		F8759C5E1F46CC67009DADF7 /* LBNCNewsViewModel.m */ = {isa = PBXFileReference; fileEncoding = 4; lastKnownFileType = sourcecode.c.objc; path = LBNCNewsViewModel.m; sourceTree = "<group>"; };
		F8759C601F46CD9B009DADF7 /* LBNCBaseNetManager.h */ = {isa = PBXFileReference; fileEncoding = 4; lastKnownFileType = sourcecode.c.h; path = LBNCBaseNetManager.h; sourceTree = "<group>"; };
		F8759C611F46CD9B009DADF7 /* LBNCBaseNetManager.m */ = {isa = PBXFileReference; fileEncoding = 4; lastKnownFileType = sourcecode.c.objc; path = LBNCBaseNetManager.m; sourceTree = "<group>"; };
		F8759C671F46CF56009DADF7 /* NSObject+Hint.h */ = {isa = PBXFileReference; fileEncoding = 4; lastKnownFileType = sourcecode.c.h; path = "NSObject+Hint.h"; sourceTree = "<group>"; };
		F8759C681F46CF56009DADF7 /* NSObject+Hint.m */ = {isa = PBXFileReference; fileEncoding = 4; lastKnownFileType = sourcecode.c.objc; path = "NSObject+Hint.m"; sourceTree = "<group>"; };
		F8759C6A1F46D216009DADF7 /* LBNCNewsNetManager.h */ = {isa = PBXFileReference; fileEncoding = 4; lastKnownFileType = sourcecode.c.h; path = LBNCNewsNetManager.h; sourceTree = "<group>"; };
		F8759C6B1F46D216009DADF7 /* LBNCNewsNetManager.m */ = {isa = PBXFileReference; fileEncoding = 4; lastKnownFileType = sourcecode.c.objc; path = LBNCNewsNetManager.m; sourceTree = "<group>"; };
		F8759C701F46D476009DADF7 /* LBNCBaseModel.h */ = {isa = PBXFileReference; fileEncoding = 4; lastKnownFileType = sourcecode.c.h; path = LBNCBaseModel.h; sourceTree = "<group>"; };
		F8759C711F46D476009DADF7 /* LBNCBaseModel.m */ = {isa = PBXFileReference; fileEncoding = 4; lastKnownFileType = sourcecode.c.objc; path = LBNCBaseModel.m; sourceTree = "<group>"; };
		F8759C731F46D491009DADF7 /* LBNCNewsModel.h */ = {isa = PBXFileReference; fileEncoding = 4; lastKnownFileType = sourcecode.c.h; path = LBNCNewsModel.h; sourceTree = "<group>"; };
		F8759C741F46D491009DADF7 /* LBNCNewsModel.m */ = {isa = PBXFileReference; fileEncoding = 4; lastKnownFileType = sourcecode.c.objc; path = LBNCNewsModel.m; sourceTree = "<group>"; };
		F8759C7F1F46E919009DADF7 /* LBNCNewsTableView.h */ = {isa = PBXFileReference; fileEncoding = 4; lastKnownFileType = sourcecode.c.h; path = LBNCNewsTableView.h; sourceTree = "<group>"; };
		F8759C801F46E919009DADF7 /* LBNCNewsTableView.m */ = {isa = PBXFileReference; fileEncoding = 4; lastKnownFileType = sourcecode.c.objc; path = LBNCNewsTableView.m; sourceTree = "<group>"; };
		F8759C821F46E92C009DADF7 /* LBNCVideoTableView.h */ = {isa = PBXFileReference; fileEncoding = 4; lastKnownFileType = sourcecode.c.h; path = LBNCVideoTableView.h; sourceTree = "<group>"; };
		F8759C831F46E92C009DADF7 /* LBNCVideoTableView.m */ = {isa = PBXFileReference; fileEncoding = 4; lastKnownFileType = sourcecode.c.objc; path = LBNCVideoTableView.m; sourceTree = "<group>"; };
		F8759C881F46E970009DADF7 /* LBNCNewsCell.h */ = {isa = PBXFileReference; fileEncoding = 4; lastKnownFileType = sourcecode.c.h; path = LBNCNewsCell.h; sourceTree = "<group>"; };
		F8759C891F46E970009DADF7 /* LBNCNewsCell.m */ = {isa = PBXFileReference; fileEncoding = 4; lastKnownFileType = sourcecode.c.objc; path = LBNCNewsCell.m; sourceTree = "<group>"; };
		F8759C8B1F46E987009DADF7 /* LBNCVideoCell.h */ = {isa = PBXFileReference; fileEncoding = 4; lastKnownFileType = sourcecode.c.h; path = LBNCVideoCell.h; sourceTree = "<group>"; };
		F8759C8C1F46E987009DADF7 /* LBNCVideoCell.m */ = {isa = PBXFileReference; fileEncoding = 4; lastKnownFileType = sourcecode.c.objc; path = LBNCVideoCell.m; sourceTree = "<group>"; };
		F8F003F61F47EE0900DA43EA /* CZAdditions.h */ = {isa = PBXFileReference; fileEncoding = 4; lastKnownFileType = sourcecode.c.h; path = CZAdditions.h; sourceTree = "<group>"; };
		F8F003F71F47EE0900DA43EA /* NSArray+Log.h */ = {isa = PBXFileReference; fileEncoding = 4; lastKnownFileType = sourcecode.c.h; path = "NSArray+Log.h"; sourceTree = "<group>"; };
		F8F003F81F47EE0900DA43EA /* NSArray+Log.m */ = {isa = PBXFileReference; fileEncoding = 4; lastKnownFileType = sourcecode.c.objc; path = "NSArray+Log.m"; sourceTree = "<group>"; };
		F8F003F91F47EE0900DA43EA /* NSAttributedString+CZAdditon.h */ = {isa = PBXFileReference; fileEncoding = 4; lastKnownFileType = sourcecode.c.h; path = "NSAttributedString+CZAdditon.h"; sourceTree = "<group>"; };
		F8F003FA1F47EE0900DA43EA /* NSAttributedString+CZAdditon.m */ = {isa = PBXFileReference; fileEncoding = 4; lastKnownFileType = sourcecode.c.objc; path = "NSAttributedString+CZAdditon.m"; sourceTree = "<group>"; };
		F8F003FB1F47EE0900DA43EA /* NSObject+CZRuntime.h */ = {isa = PBXFileReference; fileEncoding = 4; lastKnownFileType = sourcecode.c.h; path = "NSObject+CZRuntime.h"; sourceTree = "<group>"; };
		F8F003FC1F47EE0900DA43EA /* NSObject+CZRuntime.m */ = {isa = PBXFileReference; fileEncoding = 4; lastKnownFileType = sourcecode.c.objc; path = "NSObject+CZRuntime.m"; sourceTree = "<group>"; };
		F8F003FD1F47EE0900DA43EA /* NSString+CZBase64.h */ = {isa = PBXFileReference; fileEncoding = 4; lastKnownFileType = sourcecode.c.h; path = "NSString+CZBase64.h"; sourceTree = "<group>"; };
		F8F003FE1F47EE0900DA43EA /* NSString+CZBase64.m */ = {isa = PBXFileReference; fileEncoding = 4; lastKnownFileType = sourcecode.c.objc; path = "NSString+CZBase64.m"; sourceTree = "<group>"; };
		F8F003FF1F47EE0900DA43EA /* NSString+CZHash.h */ = {isa = PBXFileReference; fileEncoding = 4; lastKnownFileType = sourcecode.c.h; path = "NSString+CZHash.h"; sourceTree = "<group>"; };
		F8F004001F47EE0900DA43EA /* NSString+CZHash.m */ = {isa = PBXFileReference; fileEncoding = 4; lastKnownFileType = sourcecode.c.objc; path = "NSString+CZHash.m"; sourceTree = "<group>"; };
		F8F004011F47EE0900DA43EA /* NSString+CZPath.h */ = {isa = PBXFileReference; fileEncoding = 4; lastKnownFileType = sourcecode.c.h; path = "NSString+CZPath.h"; sourceTree = "<group>"; };
		F8F004021F47EE0900DA43EA /* NSString+CZPath.m */ = {isa = PBXFileReference; fileEncoding = 4; lastKnownFileType = sourcecode.c.objc; path = "NSString+CZPath.m"; sourceTree = "<group>"; };
		F8F004031F47EE0900DA43EA /* UIButton+CZAddition.h */ = {isa = PBXFileReference; fileEncoding = 4; lastKnownFileType = sourcecode.c.h; path = "UIButton+CZAddition.h"; sourceTree = "<group>"; };
		F8F004041F47EE0900DA43EA /* UIButton+CZAddition.m */ = {isa = PBXFileReference; fileEncoding = 4; lastKnownFileType = sourcecode.c.objc; path = "UIButton+CZAddition.m"; sourceTree = "<group>"; };
		F8F004051F47EE0900DA43EA /* UIColor+CZAddition.h */ = {isa = PBXFileReference; fileEncoding = 4; lastKnownFileType = sourcecode.c.h; path = "UIColor+CZAddition.h"; sourceTree = "<group>"; };
		F8F004061F47EE0900DA43EA /* UIColor+CZAddition.m */ = {isa = PBXFileReference; fileEncoding = 4; lastKnownFileType = sourcecode.c.objc; path = "UIColor+CZAddition.m"; sourceTree = "<group>"; };
		F8F004071F47EE0900DA43EA /* UILabel+CZAddition.h */ = {isa = PBXFileReference; fileEncoding = 4; lastKnownFileType = sourcecode.c.h; path = "UILabel+CZAddition.h"; sourceTree = "<group>"; };
		F8F004081F47EE0900DA43EA /* UILabel+CZAddition.m */ = {isa = PBXFileReference; fileEncoding = 4; lastKnownFileType = sourcecode.c.objc; path = "UILabel+CZAddition.m"; sourceTree = "<group>"; };
		F8F004091F47EE0900DA43EA /* UIScreen+CZAddition.h */ = {isa = PBXFileReference; fileEncoding = 4; lastKnownFileType = sourcecode.c.h; path = "UIScreen+CZAddition.h"; sourceTree = "<group>"; };
		F8F0040A1F47EE0900DA43EA /* UIScreen+CZAddition.m */ = {isa = PBXFileReference; fileEncoding = 4; lastKnownFileType = sourcecode.c.objc; path = "UIScreen+CZAddition.m"; sourceTree = "<group>"; };
		F8F0040B1F47EE0900DA43EA /* UIView+CZAddition.h */ = {isa = PBXFileReference; fileEncoding = 4; lastKnownFileType = sourcecode.c.h; path = "UIView+CZAddition.h"; sourceTree = "<group>"; };
		F8F0040C1F47EE0900DA43EA /* UIView+CZAddition.m */ = {isa = PBXFileReference; fileEncoding = 4; lastKnownFileType = sourcecode.c.objc; path = "UIView+CZAddition.m"; sourceTree = "<group>"; };
		F8F0040D1F47EE0900DA43EA /* UIViewController+CZAddition.h */ = {isa = PBXFileReference; fileEncoding = 4; lastKnownFileType = sourcecode.c.h; path = "UIViewController+CZAddition.h"; sourceTree = "<group>"; };
		F8F0040E1F47EE0900DA43EA /* UIViewController+CZAddition.m */ = {isa = PBXFileReference; fileEncoding = 4; lastKnownFileType = sourcecode.c.objc; path = "UIViewController+CZAddition.m"; sourceTree = "<group>"; };
/* End PBXFileReference section */

/* Begin PBXFrameworksBuildPhase section */
		F8759C041F468635009DADF7 /* Frameworks */ = {
			isa = PBXFrameworksBuildPhase;
			buildActionMask = 2147483647;
			files = (
				6A7239FDE3F8DB72CFF7D452 /* libPods-LBNewsComing.a in Frameworks */,
			);
			runOnlyForDeploymentPostprocessing = 0;
		};
/* End PBXFrameworksBuildPhase section */

/* Begin PBXGroup section */
		1FB3377BCBDDF998E0DAC738 /* Frameworks */ = {
			isa = PBXGroup;
			children = (
				85324EFC2A18ED7C5CFD4374 /* libPods-LBNewsComing.a */,
			);
			name = Frameworks;
			sourceTree = "<group>";
		};
		3AD9FCB11F4933C1002EB75B /* LBNCImageView */ = {
			isa = PBXGroup;
			children = (
				3AD9FCB21F4933C1002EB75B /* LBNCImageView.h */,
				3AD9FCB31F4933C1002EB75B /* LBNCImageView.m */,
			);
			path = LBNCImageView;
			sourceTree = "<group>";
		};
		3AD9FCB51F494A2C002EB75B /* UIView+ViewController */ = {
			isa = PBXGroup;
			children = (
				3AD9FCB61F494A2C002EB75B /* UIView+ViewController.h */,
				3AD9FCB71F494A2C002EB75B /* UIView+ViewController.m */,
			);
			path = "UIView+ViewController";
			sourceTree = "<group>";
		};
		3AD9FCBD1F49574C002EB75B /* BarItem */ = {
			isa = PBXGroup;
			children = (
				3AD9FCBE1F49574C002EB75B /* BarItem.h */,
				3AD9FCBF1F49574C002EB75B /* BarItem.m */,
			);
			path = BarItem;
			sourceTree = "<group>";
		};
		A51440517346E17184A807E7 /* Pods */ = {
			isa = PBXGroup;
			children = (
				0B97BC6530F0AB897F6A3D05 /* Pods-LBNewsComing.debug.xcconfig */,
				F3B3903665C43C99966A8A10 /* Pods-LBNewsComing.release.xcconfig */,
			);
			name = Pods;
			sourceTree = "<group>";
		};
		F8759BFE1F468635009DADF7 = {
			isa = PBXGroup;
			children = (
				F8759C091F468635009DADF7 /* LBNewsComing */,
				F8759C081F468635009DADF7 /* Products */,
				A51440517346E17184A807E7 /* Pods */,
				1FB3377BCBDDF998E0DAC738 /* Frameworks */,
			);
			sourceTree = "<group>";
		};
		F8759C081F468635009DADF7 /* Products */ = {
			isa = PBXGroup;
			children = (
				F8759C071F468635009DADF7 /* LBNewsComing.app */,
			);
			name = Products;
			sourceTree = "<group>";
		};
		F8759C091F468635009DADF7 /* LBNewsComing */ = {
			isa = PBXGroup;
			children = (
				F8759C241F468843009DADF7 /* Classes */,
				F8759C131F468635009DADF7 /* Main.storyboard */,
				F8759C191F468635009DADF7 /* Assets.xcassets */,
				F8759C1B1F468636009DADF7 /* LaunchScreen.storyboard */,
				F8759C1E1F468636009DADF7 /* Info.plist */,
				F8759C161F468635009DADF7 /* LBNewsComing.xcdatamodeld */,
				F8759C0A1F468635009DADF7 /* Supporting Files */,
				F8759C4F1F46B9A4009DADF7 /* LBNCHeader.h */,
				F8759C501F46B9E4009DADF7 /* LBNCPrefixHeader.pch */,
			);
			path = LBNewsComing;
			sourceTree = "<group>";
		};
		F8759C0A1F468635009DADF7 /* Supporting Files */ = {
			isa = PBXGroup;
			children = (
				F8759C0B1F468635009DADF7 /* main.m */,
			);
			name = "Supporting Files";
			sourceTree = "<group>";
		};
		F8759C241F468843009DADF7 /* Classes */ = {
			isa = PBXGroup;
			children = (
				F8759C311F4689D4009DADF7 /* resource */,
				F8759C301F4689B8009DADF7 /* vendor */,
				F8759C2F1F468988009DADF7 /* common */,
				F8759C2E1F468937009DADF7 /* controller */,
				F8759C2D1F46891E009DADF7 /* config */,
				F8759C2C1F46890F009DADF7 /* viewModel */,
				F8759C2B1F4688FD009DADF7 /* model */,
				F8759C2A1F4688F0009DADF7 /* view */,
				F8759C291F4688DE009DADF7 /* net */,
				F8759C251F468865009DADF7 /* orther */,
			);
			path = Classes;
			sourceTree = "<group>";
		};
		F8759C251F468865009DADF7 /* orther */ = {
			isa = PBXGroup;
			children = (
				F8759C261F468865009DADF7 /* AppDelegate.h */,
				F8759C271F468865009DADF7 /* AppDelegate.m */,
			);
			path = orther;
			sourceTree = "<group>";
		};
		F8759C291F4688DE009DADF7 /* net */ = {
			isa = PBXGroup;
			children = (
				F8759C601F46CD9B009DADF7 /* LBNCBaseNetManager.h */,
				F8759C611F46CD9B009DADF7 /* LBNCBaseNetManager.m */,
				F8759C631F46CDE1009DADF7 /* chartNetManager */,
				F8759C641F46CDE1009DADF7 /* newsNetManager */,
				F8759C651F46CDE1009DADF7 /* videoNetManager */,
			);
			path = net;
			sourceTree = "<group>";
		};
		F8759C2A1F4688F0009DADF7 /* view */ = {
			isa = PBXGroup;
			children = (
				F8759C791F46E881009DADF7 /* chartView */,
				F8759C7A1F46E881009DADF7 /* newsView */,
				F8759C7B1F46E881009DADF7 /* videoView */,
			);
			path = view;
			sourceTree = "<group>";
		};
		F8759C2B1F4688FD009DADF7 /* model */ = {
			isa = PBXGroup;
			children = (
				F8759C701F46D476009DADF7 /* LBNCBaseModel.h */,
				F8759C711F46D476009DADF7 /* LBNCBaseModel.m */,
				F8759C6D1F46D46E009DADF7 /* LBNCChartModel */,
				F8759C6E1F46D46E009DADF7 /* LBNCNewsModel */,
				F8759C6F1F46D46E009DADF7 /* LBNCVideoModel */,
			);
			path = model;
			sourceTree = "<group>";
		};
		F8759C2C1F46890F009DADF7 /* viewModel */ = {
			isa = PBXGroup;
			children = (
				F8759C571F46CA23009DADF7 /* LBNCBaseViewModel.h */,
				F8759C581F46CA23009DADF7 /* LBNCBaseViewModel.m */,
				F8759C5A1F46CC46009DADF7 /* chartViewModel */,
				F8759C5B1F46CC46009DADF7 /* newsViewModel */,
				F8759C5C1F46CC46009DADF7 /* videoViewModel */,
			);
			path = viewModel;
			sourceTree = "<group>";
		};
		F8759C2D1F46891E009DADF7 /* config */ = {
			isa = PBXGroup;
			children = (
			);
			path = config;
			sourceTree = "<group>";
		};
		F8759C2E1F468937009DADF7 /* controller */ = {
			isa = PBXGroup;
			children = (
				F8759C341F469138009DADF7 /* main */,
				F8759C3B1F46958B009DADF7 /* chart */,
				F8759C3C1F46958B009DADF7 /* mine */,
				F8759C3D1F46958B009DADF7 /* news */,
				F8759C3E1F46958B009DADF7 /* video */,
			);
			path = controller;
			sourceTree = "<group>";
		};
		F8759C2F1F468988009DADF7 /* common */ = {
			isa = PBXGroup;
			children = (
				3AD9FCBD1F49574C002EB75B /* BarItem */,
				3AD9FCB51F494A2C002EB75B /* UIView+ViewController */,
				3AD9FCB11F4933C1002EB75B /* LBNCImageView */,
				F8F003F51F47EE0900DA43EA /* Additions */,
				F8759C661F46CF56009DADF7 /* NSObject+Hint */,
			);
			path = common;
			sourceTree = "<group>";
		};
		F8759C301F4689B8009DADF7 /* vendor */ = {
			isa = PBXGroup;
			children = (
			);
			path = vendor;
			sourceTree = "<group>";
		};
		F8759C311F4689D4009DADF7 /* resource */ = {
			isa = PBXGroup;
			children = (
			);
			path = resource;
			sourceTree = "<group>";
		};
		F8759C341F469138009DADF7 /* main */ = {
			isa = PBXGroup;
			children = (
				F8759C351F469164009DADF7 /* LBNCTabBarController.h */,
				F8759C361F469164009DADF7 /* LBNCTabBarController.m */,
				F8759C381F4693EC009DADF7 /* LBNCNavController.h */,
				F8759C391F4693EC009DADF7 /* LBNCNavController.m */,
			);
			path = main;
			sourceTree = "<group>";
		};
		F8759C3B1F46958B009DADF7 /* chart */ = {
			isa = PBXGroup;
			children = (
				F8759C451F4695CB009DADF7 /* LBNCChartController.h */,
				F8759C461F4695CB009DADF7 /* LBNCChartController.m */,
				3AD9FCD91F49A39D002EB75B /* LBNCChartDetailController.h */,
				3AD9FCDA1F49A39D002EB75B /* LBNCChartDetailController.m */,
			);
			path = chart;
			sourceTree = "<group>";
		};
		F8759C3C1F46958B009DADF7 /* mine */ = {
			isa = PBXGroup;
			children = (
				F8759C421F4695BA009DADF7 /* LBNCMineController.h */,
				F8759C431F4695BA009DADF7 /* LBNCMineController.m */,
			);
			path = mine;
			sourceTree = "<group>";
		};
		F8759C3D1F46958B009DADF7 /* news */ = {
			isa = PBXGroup;
			children = (
				F8759C481F4695DE009DADF7 /* LBNCNewsController.h */,
				F8759C491F4695DE009DADF7 /* LBNCNewsController.m */,
				F8759C511F46BE87009DADF7 /* LBNCListController.h */,
				F8759C521F46BE87009DADF7 /* LBNCListController.m */,
				F8759C541F46C6C7009DADF7 /* LBNCDetailController.h */,
				F8759C551F46C6C7009DADF7 /* LBNCDetailController.m */,
			);
			path = news;
			sourceTree = "<group>";
		};
		F8759C3E1F46958B009DADF7 /* video */ = {
			isa = PBXGroup;
			children = (
				F8759C4B1F4695EE009DADF7 /* LBNCVideoController.h */,
				F8759C4C1F4695EE009DADF7 /* LBNCVideoController.m */,
			);
			path = video;
			sourceTree = "<group>";
		};
		F8759C5A1F46CC46009DADF7 /* chartViewModel */ = {
			isa = PBXGroup;
			children = (
				3AD9FCCA1F497F0F002EB75B /* LBNCChartViewModel.h */,
				3AD9FCCB1F497F0F002EB75B /* LBNCChartViewModel.m */,
				3AD9FCCD1F497FC8002EB75B /* LBNCDuanziViewModel.h */,
				3AD9FCCE1F497FC8002EB75B /* LBNCDuanziViewModel.m */,
			);
			path = chartViewModel;
			sourceTree = "<group>";
		};
		F8759C5B1F46CC46009DADF7 /* newsViewModel */ = {
			isa = PBXGroup;
			children = (
				F8759C5D1F46CC67009DADF7 /* LBNCNewsViewModel.h */,
				F8759C5E1F46CC67009DADF7 /* LBNCNewsViewModel.m */,
			);
			path = newsViewModel;
			sourceTree = "<group>";
		};
		F8759C5C1F46CC46009DADF7 /* videoViewModel */ = {
			isa = PBXGroup;
			children = (
			);
			path = videoViewModel;
			sourceTree = "<group>";
		};
		F8759C631F46CDE1009DADF7 /* chartNetManager */ = {
			isa = PBXGroup;
			children = (
				3AD9FCD01F498062002EB75B /* LBNCChartNetManager.h */,
				3AD9FCD11F498062002EB75B /* LBNCChartNetManager.m */,
				3AD9FCD31F4980CF002EB75B /* LBNCDuanziNetManager.h */,
				3AD9FCD41F4980CF002EB75B /* LBNCDuanziNetManager.m */,
			);
			path = chartNetManager;
			sourceTree = "<group>";
		};
		F8759C641F46CDE1009DADF7 /* newsNetManager */ = {
			isa = PBXGroup;
			children = (
				F8759C6A1F46D216009DADF7 /* LBNCNewsNetManager.h */,
				F8759C6B1F46D216009DADF7 /* LBNCNewsNetManager.m */,
			);
			path = newsNetManager;
			sourceTree = "<group>";
		};
		F8759C651F46CDE1009DADF7 /* videoNetManager */ = {
			isa = PBXGroup;
			children = (
			);
			path = videoNetManager;
			sourceTree = "<group>";
		};
		F8759C661F46CF56009DADF7 /* NSObject+Hint */ = {
			isa = PBXGroup;
			children = (
				F8759C671F46CF56009DADF7 /* NSObject+Hint.h */,
				F8759C681F46CF56009DADF7 /* NSObject+Hint.m */,
			);
			path = "NSObject+Hint";
			sourceTree = "<group>";
		};
		F8759C6D1F46D46E009DADF7 /* LBNCChartModel */ = {
			isa = PBXGroup;
			children = (
				3AD9FCD61F49816F002EB75B /* LBNCChartModel.h */,
				3AD9FCD71F49816F002EB75B /* LBNCChartModel.m */,
				3AD9FCDC1F49E657002EB75B /* LBNCDuanziModel.h */,
				3AD9FCDD1F49E657002EB75B /* LBNCDuanziModel.m */,
			);
			path = LBNCChartModel;
			sourceTree = "<group>";
		};
		F8759C6E1F46D46E009DADF7 /* LBNCNewsModel */ = {
			isa = PBXGroup;
			children = (
				F8759C731F46D491009DADF7 /* LBNCNewsModel.h */,
				F8759C741F46D491009DADF7 /* LBNCNewsModel.m */,
			);
			path = LBNCNewsModel;
			sourceTree = "<group>";
		};
		F8759C6F1F46D46E009DADF7 /* LBNCVideoModel */ = {
			isa = PBXGroup;
			children = (
			);
			path = LBNCVideoModel;
			sourceTree = "<group>";
		};
		F8759C791F46E881009DADF7 /* chartView */ = {
			isa = PBXGroup;
			children = (
				3AD9FCC11F496CF9002EB75B /* LBNCChartView.h */,
				3AD9FCC21F496CF9002EB75B /* LBNCChartView.m */,
				3AD9FCC41F497BEA002EB75B /* LBNCChartCell.h */,
				3AD9FCC51F497BEA002EB75B /* LBNCChartCell.m */,
				3AD9FCC71F497BFB002EB75B /* LBNCDuanziCell.h */,
				3AD9FCC81F497BFB002EB75B /* LBNCDuanziCell.m */,
			);
			path = chartView;
			sourceTree = "<group>";
		};
		F8759C7A1F46E881009DADF7 /* newsView */ = {
			isa = PBXGroup;
			children = (
				F8759C7F1F46E919009DADF7 /* LBNCNewsTableView.h */,
				F8759C801F46E919009DADF7 /* LBNCNewsTableView.m */,
				F8759C881F46E970009DADF7 /* LBNCNewsCell.h */,
				F8759C891F46E970009DADF7 /* LBNCNewsCell.m */,
			);
			path = newsView;
			sourceTree = "<group>";
		};
		F8759C7B1F46E881009DADF7 /* videoView */ = {
			isa = PBXGroup;
			children = (
				F8759C821F46E92C009DADF7 /* LBNCVideoTableView.h */,
				F8759C831F46E92C009DADF7 /* LBNCVideoTableView.m */,
				F8759C8B1F46E987009DADF7 /* LBNCVideoCell.h */,
				F8759C8C1F46E987009DADF7 /* LBNCVideoCell.m */,
			);
			path = videoView;
			sourceTree = "<group>";
		};
		F8F003F51F47EE0900DA43EA /* Additions */ = {
			isa = PBXGroup;
			children = (
				F8F003F61F47EE0900DA43EA /* CZAdditions.h */,
				F8F003F71F47EE0900DA43EA /* NSArray+Log.h */,
				F8F003F81F47EE0900DA43EA /* NSArray+Log.m */,
				F8F003F91F47EE0900DA43EA /* NSAttributedString+CZAdditon.h */,
				F8F003FA1F47EE0900DA43EA /* NSAttributedString+CZAdditon.m */,
				F8F003FB1F47EE0900DA43EA /* NSObject+CZRuntime.h */,
				F8F003FC1F47EE0900DA43EA /* NSObject+CZRuntime.m */,
				F8F003FD1F47EE0900DA43EA /* NSString+CZBase64.h */,
				F8F003FE1F47EE0900DA43EA /* NSString+CZBase64.m */,
				F8F003FF1F47EE0900DA43EA /* NSString+CZHash.h */,
				F8F004001F47EE0900DA43EA /* NSString+CZHash.m */,
				F8F004011F47EE0900DA43EA /* NSString+CZPath.h */,
				F8F004021F47EE0900DA43EA /* NSString+CZPath.m */,
				F8F004031F47EE0900DA43EA /* UIButton+CZAddition.h */,
				F8F004041F47EE0900DA43EA /* UIButton+CZAddition.m */,
				F8F004051F47EE0900DA43EA /* UIColor+CZAddition.h */,
				F8F004061F47EE0900DA43EA /* UIColor+CZAddition.m */,
				F8F004071F47EE0900DA43EA /* UILabel+CZAddition.h */,
				F8F004081F47EE0900DA43EA /* UILabel+CZAddition.m */,
				F8F004091F47EE0900DA43EA /* UIScreen+CZAddition.h */,
				F8F0040A1F47EE0900DA43EA /* UIScreen+CZAddition.m */,
				F8F0040B1F47EE0900DA43EA /* UIView+CZAddition.h */,
				F8F0040C1F47EE0900DA43EA /* UIView+CZAddition.m */,
				F8F0040D1F47EE0900DA43EA /* UIViewController+CZAddition.h */,
				F8F0040E1F47EE0900DA43EA /* UIViewController+CZAddition.m */,
			);
			path = Additions;
			sourceTree = "<group>";
		};
/* End PBXGroup section */

/* Begin PBXNativeTarget section */
		F8759C061F468635009DADF7 /* LBNewsComing */ = {
			isa = PBXNativeTarget;
			buildConfigurationList = F8759C211F468636009DADF7 /* Build configuration list for PBXNativeTarget "LBNewsComing" */;
			buildPhases = (
				F9C40D303ECB505F13FDE2E3 /* [CP] Check Pods Manifest.lock */,
				F8759C031F468635009DADF7 /* Sources */,
				F8759C041F468635009DADF7 /* Frameworks */,
				F8759C051F468635009DADF7 /* Resources */,
				B41F3328BC26A7329E2DD006 /* [CP] Embed Pods Frameworks */,
				7BE9303A7650E968DDD7CFB4 /* [CP] Copy Pods Resources */,
			);
			buildRules = (
			);
			dependencies = (
			);
			name = LBNewsComing;
			productName = LBNewsComing;
			productReference = F8759C071F468635009DADF7 /* LBNewsComing.app */;
			productType = "com.apple.product-type.application";
		};
/* End PBXNativeTarget section */

/* Begin PBXProject section */
		F8759BFF1F468635009DADF7 /* Project object */ = {
			isa = PBXProject;
			attributes = {
				CLASSPREFIX = LBNC;
				LastUpgradeCheck = 0830;
				ORGANIZATIONNAME = "刘博";
				TargetAttributes = {
					F8759C061F468635009DADF7 = {
						CreatedOnToolsVersion = 8.3.3;
						DevelopmentTeam = 9266GAZZ3C;
						ProvisioningStyle = Automatic;
					};
				};
			};
			buildConfigurationList = F8759C021F468635009DADF7 /* Build configuration list for PBXProject "LBNewsComing" */;
			compatibilityVersion = "Xcode 3.2";
			developmentRegion = English;
			hasScannedForEncodings = 0;
			knownRegions = (
				en,
				Base,
			);
			mainGroup = F8759BFE1F468635009DADF7;
			productRefGroup = F8759C081F468635009DADF7 /* Products */;
			projectDirPath = "";
			projectRoot = "";
			targets = (
				F8759C061F468635009DADF7 /* LBNewsComing */,
			);
		};
/* End PBXProject section */

/* Begin PBXResourcesBuildPhase section */
		F8759C051F468635009DADF7 /* Resources */ = {
			isa = PBXResourcesBuildPhase;
			buildActionMask = 2147483647;
			files = (
				F8759C1D1F468636009DADF7 /* LaunchScreen.storyboard in Resources */,
				F8759C1A1F468635009DADF7 /* Assets.xcassets in Resources */,
				F8759C151F468635009DADF7 /* Main.storyboard in Resources */,
			);
			runOnlyForDeploymentPostprocessing = 0;
		};
/* End PBXResourcesBuildPhase section */

/* Begin PBXShellScriptBuildPhase section */
		7BE9303A7650E968DDD7CFB4 /* [CP] Copy Pods Resources */ = {
			isa = PBXShellScriptBuildPhase;
			buildActionMask = 2147483647;
			files = (
			);
			inputPaths = (
				"${SRCROOT}/Pods/Target Support Files/Pods-LBNewsComing/Pods-LBNewsComing-resources.sh",
				"${PODS_ROOT}/MJRefresh/MJRefresh/MJRefresh.bundle",
				$PODS_CONFIGURATION_BUILD_DIR/MWPhotoBrowser/MWPhotoBrowser.bundle,
			);
			name = "[CP] Copy Pods Resources";
			outputPaths = (
				"${TARGET_BUILD_DIR}/${UNLOCALIZED_RESOURCES_FOLDER_PATH}",
			);
			runOnlyForDeploymentPostprocessing = 0;
			shellPath = /bin/sh;
			shellScript = "\"${SRCROOT}/Pods/Target Support Files/Pods-LBNewsComing/Pods-LBNewsComing-resources.sh\"\n";
			showEnvVarsInLog = 0;
		};
		B41F3328BC26A7329E2DD006 /* [CP] Embed Pods Frameworks */ = {
			isa = PBXShellScriptBuildPhase;
			buildActionMask = 2147483647;
			files = (
			);
			inputPaths = (
			);
			name = "[CP] Embed Pods Frameworks";
			outputPaths = (
			);
			runOnlyForDeploymentPostprocessing = 0;
			shellPath = /bin/sh;
			shellScript = "\"${SRCROOT}/Pods/Target Support Files/Pods-LBNewsComing/Pods-LBNewsComing-frameworks.sh\"\n";
			showEnvVarsInLog = 0;
		};
		F9C40D303ECB505F13FDE2E3 /* [CP] Check Pods Manifest.lock */ = {
			isa = PBXShellScriptBuildPhase;
			buildActionMask = 2147483647;
			files = (
			);
			inputPaths = (
				"${PODS_PODFILE_DIR_PATH}/Podfile.lock",
				"${PODS_ROOT}/Manifest.lock",
			);
			name = "[CP] Check Pods Manifest.lock";
			outputPaths = (
				"$(DERIVED_FILE_DIR)/Pods-LBNewsComing-checkManifestLockResult.txt",
			);
			runOnlyForDeploymentPostprocessing = 0;
			shellPath = /bin/sh;
			shellScript = "diff \"${PODS_PODFILE_DIR_PATH}/Podfile.lock\" \"${PODS_ROOT}/Manifest.lock\" > /dev/null\nif [ $? != 0 ] ; then\n    # print error to STDERR\n    echo \"error: The sandbox is not in sync with the Podfile.lock. Run 'pod install' or update your CocoaPods installation.\" >&2\n    exit 1\nfi\n# This output is used by Xcode 'outputs' to avoid re-running this script phase.\necho \"SUCCESS\" > \"${SCRIPT_OUTPUT_FILE_0}\"\n";
			showEnvVarsInLog = 0;
		};
/* End PBXShellScriptBuildPhase section */

/* Begin PBXSourcesBuildPhase section */
		F8759C031F468635009DADF7 /* Sources */ = {
			isa = PBXSourcesBuildPhase;
			buildActionMask = 2147483647;
			files = (
				F8F004161F47EE0900DA43EA /* UIColor+CZAddition.m in Sources */,
				F8759C5F1F46CC67009DADF7 /* LBNCNewsViewModel.m in Sources */,
				3AD9FCDE1F49E657002EB75B /* LBNCDuanziModel.m in Sources */,
				3AD9FCCF1F497FC8002EB75B /* LBNCDuanziViewModel.m in Sources */,
				F8F004141F47EE0900DA43EA /* NSString+CZPath.m in Sources */,
				F8759C371F469164009DADF7 /* LBNCTabBarController.m in Sources */,
				F8759C3A1F4693EC009DADF7 /* LBNCNavController.m in Sources */,
				F8F004121F47EE0900DA43EA /* NSString+CZBase64.m in Sources */,
				F8759C531F46BE87009DADF7 /* LBNCListController.m in Sources */,
				F8759C561F46C6C7009DADF7 /* LBNCDetailController.m in Sources */,
				3AD9FCD81F49816F002EB75B /* LBNCChartModel.m in Sources */,
				3AD9FCDB1F49A39D002EB75B /* LBNCChartDetailController.m in Sources */,
				F8F004181F47EE0900DA43EA /* UIScreen+CZAddition.m in Sources */,
				F8F0041A1F47EE0900DA43EA /* UIViewController+CZAddition.m in Sources */,
				F8F004111F47EE0900DA43EA /* NSObject+CZRuntime.m in Sources */,
				F8759C811F46E919009DADF7 /* LBNCNewsTableView.m in Sources */,
				F8759C621F46CD9B009DADF7 /* LBNCBaseNetManager.m in Sources */,
				F8759C281F468865009DADF7 /* AppDelegate.m in Sources */,
				3AD9FCC31F496CF9002EB75B /* LBNCChartView.m in Sources */,
				F8F004151F47EE0900DA43EA /* UIButton+CZAddition.m in Sources */,
				F8759C181F468635009DADF7 /* LBNewsComing.xcdatamodeld in Sources */,
				3AD9FCD21F498062002EB75B /* LBNCChartNetManager.m in Sources */,
				F8759C471F4695CB009DADF7 /* LBNCChartController.m in Sources */,
				F8F004101F47EE0900DA43EA /* NSAttributedString+CZAdditon.m in Sources */,
				F8759C441F4695BA009DADF7 /* LBNCMineController.m in Sources */,
				F8759C691F46CF56009DADF7 /* NSObject+Hint.m in Sources */,
				F8F004171F47EE0900DA43EA /* UILabel+CZAddition.m in Sources */,
				3AD9FCC61F497BEA002EB75B /* LBNCChartCell.m in Sources */,
				3AD9FCB81F494A2C002EB75B /* UIView+ViewController.m in Sources */,
				3AD9FCCC1F497F0F002EB75B /* LBNCChartViewModel.m in Sources */,
				F8759C0C1F468635009DADF7 /* main.m in Sources */,
				F8759C591F46CA23009DADF7 /* LBNCBaseViewModel.m in Sources */,
				F8759C751F46D491009DADF7 /* LBNCNewsModel.m in Sources */,
				F8759C841F46E92C009DADF7 /* LBNCVideoTableView.m in Sources */,
				F8759C8D1F46E987009DADF7 /* LBNCVideoCell.m in Sources */,
				F8759C6C1F46D216009DADF7 /* LBNCNewsNetManager.m in Sources */,
				3AD9FCB41F4933C1002EB75B /* LBNCImageView.m in Sources */,
				F8759C721F46D476009DADF7 /* LBNCBaseModel.m in Sources */,
				3AD9FCC01F49574C002EB75B /* BarItem.m in Sources */,
				F8F0040F1F47EE0900DA43EA /* NSArray+Log.m in Sources */,
				3AD9FCD51F4980CF002EB75B /* LBNCDuanziNetManager.m in Sources */,
				F8F004131F47EE0900DA43EA /* NSString+CZHash.m in Sources */,
				F8759C4A1F4695DF009DADF7 /* LBNCNewsController.m in Sources */,
				F8759C8A1F46E970009DADF7 /* LBNCNewsCell.m in Sources */,
				3AD9FCC91F497BFB002EB75B /* LBNCDuanziCell.m in Sources */,
				F8759C4D1F4695EE009DADF7 /* LBNCVideoController.m in Sources */,
				F8F004191F47EE0900DA43EA /* UIView+CZAddition.m in Sources */,
			);
			runOnlyForDeploymentPostprocessing = 0;
		};
/* End PBXSourcesBuildPhase section */

/* Begin PBXVariantGroup section */
		F8759C131F468635009DADF7 /* Main.storyboard */ = {
			isa = PBXVariantGroup;
			children = (
				F8759C141F468635009DADF7 /* Base */,
			);
			name = Main.storyboard;
			sourceTree = "<group>";
		};
		F8759C1B1F468636009DADF7 /* LaunchScreen.storyboard */ = {
			isa = PBXVariantGroup;
			children = (
				F8759C1C1F468636009DADF7 /* Base */,
			);
			name = LaunchScreen.storyboard;
			sourceTree = "<group>";
		};
/* End PBXVariantGroup section */

/* Begin XCBuildConfiguration section */
		F8759C1F1F468636009DADF7 /* Debug */ = {
			isa = XCBuildConfiguration;
			buildSettings = {
				ALWAYS_SEARCH_USER_PATHS = NO;
				CLANG_ANALYZER_NONNULL = YES;
				CLANG_ANALYZER_NUMBER_OBJECT_CONVERSION = YES_AGGRESSIVE;
				CLANG_CXX_LANGUAGE_STANDARD = "gnu++0x";
				CLANG_CXX_LIBRARY = "libc++";
				CLANG_ENABLE_MODULES = YES;
				CLANG_ENABLE_OBJC_ARC = YES;
				CLANG_WARN_BOOL_CONVERSION = YES;
				CLANG_WARN_CONSTANT_CONVERSION = YES;
				CLANG_WARN_DIRECT_OBJC_ISA_USAGE = YES_ERROR;
				CLANG_WARN_DOCUMENTATION_COMMENTS = YES;
				CLANG_WARN_EMPTY_BODY = YES;
				CLANG_WARN_ENUM_CONVERSION = YES;
				CLANG_WARN_INFINITE_RECURSION = YES;
				CLANG_WARN_INT_CONVERSION = YES;
				CLANG_WARN_OBJC_ROOT_CLASS = YES_ERROR;
				CLANG_WARN_SUSPICIOUS_MOVE = YES;
				CLANG_WARN_UNREACHABLE_CODE = YES;
				CLANG_WARN__DUPLICATE_METHOD_MATCH = YES;
				"CODE_SIGN_IDENTITY[sdk=iphoneos*]" = "iPhone Developer";
				COPY_PHASE_STRIP = NO;
				DEBUG_INFORMATION_FORMAT = dwarf;
				ENABLE_STRICT_OBJC_MSGSEND = YES;
				ENABLE_TESTABILITY = YES;
				GCC_C_LANGUAGE_STANDARD = gnu99;
				GCC_DYNAMIC_NO_PIC = NO;
				GCC_NO_COMMON_BLOCKS = YES;
				GCC_OPTIMIZATION_LEVEL = 0;
				GCC_PREPROCESSOR_DEFINITIONS = (
					"DEBUG=1",
					"$(inherited)",
				);
				GCC_WARN_64_TO_32_BIT_CONVERSION = YES;
				GCC_WARN_ABOUT_RETURN_TYPE = YES_ERROR;
				GCC_WARN_UNDECLARED_SELECTOR = YES;
				GCC_WARN_UNINITIALIZED_AUTOS = YES_AGGRESSIVE;
				GCC_WARN_UNUSED_FUNCTION = YES;
				GCC_WARN_UNUSED_VARIABLE = YES;
				IPHONEOS_DEPLOYMENT_TARGET = 10.3;
				MTL_ENABLE_DEBUG_INFO = YES;
				ONLY_ACTIVE_ARCH = YES;
				SDKROOT = iphoneos;
			};
			name = Debug;
		};
		F8759C201F468636009DADF7 /* Release */ = {
			isa = XCBuildConfiguration;
			buildSettings = {
				ALWAYS_SEARCH_USER_PATHS = NO;
				CLANG_ANALYZER_NONNULL = YES;
				CLANG_ANALYZER_NUMBER_OBJECT_CONVERSION = YES_AGGRESSIVE;
				CLANG_CXX_LANGUAGE_STANDARD = "gnu++0x";
				CLANG_CXX_LIBRARY = "libc++";
				CLANG_ENABLE_MODULES = YES;
				CLANG_ENABLE_OBJC_ARC = YES;
				CLANG_WARN_BOOL_CONVERSION = YES;
				CLANG_WARN_CONSTANT_CONVERSION = YES;
				CLANG_WARN_DIRECT_OBJC_ISA_USAGE = YES_ERROR;
				CLANG_WARN_DOCUMENTATION_COMMENTS = YES;
				CLANG_WARN_EMPTY_BODY = YES;
				CLANG_WARN_ENUM_CONVERSION = YES;
				CLANG_WARN_INFINITE_RECURSION = YES;
				CLANG_WARN_INT_CONVERSION = YES;
				CLANG_WARN_OBJC_ROOT_CLASS = YES_ERROR;
				CLANG_WARN_SUSPICIOUS_MOVE = YES;
				CLANG_WARN_UNREACHABLE_CODE = YES;
				CLANG_WARN__DUPLICATE_METHOD_MATCH = YES;
				"CODE_SIGN_IDENTITY[sdk=iphoneos*]" = "iPhone Developer";
				COPY_PHASE_STRIP = NO;
				DEBUG_INFORMATION_FORMAT = "dwarf-with-dsym";
				ENABLE_NS_ASSERTIONS = NO;
				ENABLE_STRICT_OBJC_MSGSEND = YES;
				GCC_C_LANGUAGE_STANDARD = gnu99;
				GCC_NO_COMMON_BLOCKS = YES;
				GCC_WARN_64_TO_32_BIT_CONVERSION = YES;
				GCC_WARN_ABOUT_RETURN_TYPE = YES_ERROR;
				GCC_WARN_UNDECLARED_SELECTOR = YES;
				GCC_WARN_UNINITIALIZED_AUTOS = YES_AGGRESSIVE;
				GCC_WARN_UNUSED_FUNCTION = YES;
				GCC_WARN_UNUSED_VARIABLE = YES;
				IPHONEOS_DEPLOYMENT_TARGET = 10.3;
				MTL_ENABLE_DEBUG_INFO = NO;
				SDKROOT = iphoneos;
				VALIDATE_PRODUCT = YES;
			};
			name = Release;
		};
		F8759C221F468636009DADF7 /* Debug */ = {
			isa = XCBuildConfiguration;
			baseConfigurationReference = 0B97BC6530F0AB897F6A3D05 /* Pods-LBNewsComing.debug.xcconfig */;
			buildSettings = {
				ASSETCATALOG_COMPILER_APPICON_NAME = AppIcon;
				ASSETCATALOG_COMPILER_LAUNCHIMAGE_NAME = LaunchImage;
				DEVELOPMENT_TEAM = 9266GAZZ3C;
				GCC_PREFIX_HEADER = LBNewsComing/LBNCPrefixHeader.pch;
				INFOPLIST_FILE = LBNewsComing/Info.plist;
				IPHONEOS_DEPLOYMENT_TARGET = 8.0;
				LD_RUNPATH_SEARCH_PATHS = "$(inherited) @executable_path/Frameworks";
				PRODUCT_BUNDLE_IDENTIFIER = com.liubo.LBNewsComing;
				PRODUCT_NAME = "$(TARGET_NAME)";
			};
			name = Debug;
		};
		F8759C231F468636009DADF7 /* Release */ = {
			isa = XCBuildConfiguration;
			baseConfigurationReference = F3B3903665C43C99966A8A10 /* Pods-LBNewsComing.release.xcconfig */;
			buildSettings = {
				ASSETCATALOG_COMPILER_APPICON_NAME = AppIcon;
				ASSETCATALOG_COMPILER_LAUNCHIMAGE_NAME = LaunchImage;
				DEVELOPMENT_TEAM = 9266GAZZ3C;
				GCC_PREFIX_HEADER = LBNewsComing/LBNCPrefixHeader.pch;
				INFOPLIST_FILE = LBNewsComing/Info.plist;
				IPHONEOS_DEPLOYMENT_TARGET = 8.0;
				LD_RUNPATH_SEARCH_PATHS = "$(inherited) @executable_path/Frameworks";
				PRODUCT_BUNDLE_IDENTIFIER = com.liubo.LBNewsComing;
				PRODUCT_NAME = "$(TARGET_NAME)";
			};
			name = Release;
		};
/* End XCBuildConfiguration section */

/* Begin XCConfigurationList section */
		F8759C021F468635009DADF7 /* Build configuration list for PBXProject "LBNewsComing" */ = {
			isa = XCConfigurationList;
			buildConfigurations = (
				F8759C1F1F468636009DADF7 /* Debug */,
				F8759C201F468636009DADF7 /* Release */,
			);
			defaultConfigurationIsVisible = 0;
			defaultConfigurationName = Release;
		};
		F8759C211F468636009DADF7 /* Build configuration list for PBXNativeTarget "LBNewsComing" */ = {
			isa = XCConfigurationList;
			buildConfigurations = (
				F8759C221F468636009DADF7 /* Debug */,
				F8759C231F468636009DADF7 /* Release */,
			);
			defaultConfigurationIsVisible = 0;
			defaultConfigurationName = Release;
		};
/* End XCConfigurationList section */

/* Begin XCVersionGroup section */
		F8759C161F468635009DADF7 /* LBNewsComing.xcdatamodeld */ = {
			isa = XCVersionGroup;
			children = (
				F8759C171F468635009DADF7 /* LBNewsComing.xcdatamodel */,
			);
			currentVersion = F8759C171F468635009DADF7 /* LBNewsComing.xcdatamodel */;
			path = LBNewsComing.xcdatamodeld;
			sourceTree = "<group>";
			versionGroupType = wrapper.xcdatamodel;
		};
/* End XCVersionGroup section */
	};
	rootObject = F8759BFF1F468635009DADF7 /* Project object */;
}
